// !$*UTF8*$!
{
	archiveVersion = 1;
	classes = {
	};
	objectVersion = 50;
	objects = {

/* Begin PBXBuildFile section */
		5B0D409B25CF41B3003E13D4 /* Alert.swift in Sources */ = {isa = PBXBuildFile; fileRef = 5B0D409A25CF41B3003E13D4 /* Alert.swift */; };
		5B0D409E25CF4201003E13D4 /* Animation.swift in Sources */ = {isa = PBXBuildFile; fileRef = 5B0D409D25CF4201003E13D4 /* Animation.swift */; };
		5B0D40A125CF4247003E13D4 /* Constraints.swift in Sources */ = {isa = PBXBuildFile; fileRef = 5B0D40A025CF4247003E13D4 /* Constraints.swift */; };
		5B0D40A425CF434B003E13D4 /* Outlets.swift in Sources */ = {isa = PBXBuildFile; fileRef = 5B0D40A325CF434B003E13D4 /* Outlets.swift */; };
		5B27C4E825D0919F00BAA4E9 /* Implements.swift in Sources */ = {isa = PBXBuildFile; fileRef = 5B27C4E725D0919F00BAA4E9 /* Implements.swift */; };
		5B5DD83625CC7A5700F162CA /* Constants.swift in Sources */ = {isa = PBXBuildFile; fileRef = 5B5DD83525CC7A5700F162CA /* Constants.swift */; };
		5B5DD83A25CC7C6000F162CA /* Manager.swift in Sources */ = {isa = PBXBuildFile; fileRef = 5B5DD83925CC7C6000F162CA /* Manager.swift */; };
		5B5F8A9725CAC9240060D09E /* ThirstySoftRegular.otf in Resources */ = {isa = PBXBuildFile; fileRef = 5B5F8A9625CAC9170060D09E /* ThirstySoftRegular.otf */; };
		5B5F8A9E25CB0CBE0060D09E /* Delm-Medium.otf in Resources */ = {isa = PBXBuildFile; fileRef = 5B5F8A9D25CB0CBE0060D09E /* Delm-Medium.otf */; };
		5B7AB5F125D2E6BB00377DD1 /* TabBarController.swift in Sources */ = {isa = PBXBuildFile; fileRef = 5B7AB5F025D2E6BB00377DD1 /* TabBarController.swift */; };
		5B7AB5F825D2EE6B00377DD1 /* NavigationController.swift in Sources */ = {isa = PBXBuildFile; fileRef = 5B7AB5F725D2EE6B00377DD1 /* NavigationController.swift */; };
		5B7AB60225D2EF8200377DD1 /* SavedViewController.swift in Sources */ = {isa = PBXBuildFile; fileRef = 5B7AB60125D2EF8200377DD1 /* SavedViewController.swift */; };
		5BFBEC2B25D19D7900FC2AF3 /* SelectedMode.swift in Sources */ = {isa = PBXBuildFile; fileRef = 5BFBEC2A25D19D7900FC2AF3 /* SelectedMode.swift */; };
		5BFBEC3B25D1AE9C00FC2AF3 /* ImagePickerController.swift in Sources */ = {isa = PBXBuildFile; fileRef = 5BFBEC3A25D1AE9C00FC2AF3 /* ImagePickerController.swift */; };
		F6325CFA25CA9A1300A90CF8 /* AppDelegate.swift in Sources */ = {isa = PBXBuildFile; fileRef = F6325CF925CA9A1300A90CF8 /* AppDelegate.swift */; };
		F6325CFE25CA9A1300A90CF8 /* HomeViewController.swift in Sources */ = {isa = PBXBuildFile; fileRef = F6325CFD25CA9A1300A90CF8 /* HomeViewController.swift */; };
		F6325D0325CA9A1800A90CF8 /* Assets.xcassets in Resources */ = {isa = PBXBuildFile; fileRef = F6325D0225CA9A1800A90CF8 /* Assets.xcassets */; };
		F6325D0625CA9A1800A90CF8 /* LaunchScreen.storyboard in Resources */ = {isa = PBXBuildFile; fileRef = F6325D0425CA9A1800A90CF8 /* LaunchScreen.storyboard */; };
/* End PBXBuildFile section */

/* Begin PBXFileReference section */
		5B0D409A25CF41B3003E13D4 /* Alert.swift */ = {isa = PBXFileReference; lastKnownFileType = sourcecode.swift; path = Alert.swift; sourceTree = "<group>"; };
		5B0D409D25CF4201003E13D4 /* Animation.swift */ = {isa = PBXFileReference; lastKnownFileType = sourcecode.swift; path = Animation.swift; sourceTree = "<group>"; };
		5B0D40A025CF4247003E13D4 /* Constraints.swift */ = {isa = PBXFileReference; lastKnownFileType = sourcecode.swift; path = Constraints.swift; sourceTree = "<group>"; };
		5B0D40A325CF434B003E13D4 /* Outlets.swift */ = {isa = PBXFileReference; lastKnownFileType = sourcecode.swift; path = Outlets.swift; sourceTree = "<group>"; };
		5B27C4E725D0919F00BAA4E9 /* Implements.swift */ = {isa = PBXFileReference; lastKnownFileType = sourcecode.swift; path = Implements.swift; sourceTree = "<group>"; };
		5B5DD83525CC7A5700F162CA /* Constants.swift */ = {isa = PBXFileReference; lastKnownFileType = sourcecode.swift; path = Constants.swift; sourceTree = "<group>"; };
		5B5DD83925CC7C6000F162CA /* Manager.swift */ = {isa = PBXFileReference; lastKnownFileType = sourcecode.swift; path = Manager.swift; sourceTree = "<group>"; };
		5B5F8A9625CAC9170060D09E /* ThirstySoftRegular.otf */ = {isa = PBXFileReference; lastKnownFileType = file; path = ThirstySoftRegular.otf; sourceTree = "<group>"; };
		5B5F8A9D25CB0CBE0060D09E /* Delm-Medium.otf */ = {isa = PBXFileReference; lastKnownFileType = file; path = "Delm-Medium.otf"; sourceTree = "<group>"; };
		5B7AB5F025D2E6BB00377DD1 /* TabBarController.swift */ = {isa = PBXFileReference; lastKnownFileType = sourcecode.swift; path = TabBarController.swift; sourceTree = "<group>"; };
		5B7AB5F725D2EE6B00377DD1 /* NavigationController.swift */ = {isa = PBXFileReference; lastKnownFileType = sourcecode.swift; path = NavigationController.swift; sourceTree = "<group>"; };
		5B7AB60125D2EF8200377DD1 /* SavedViewController.swift */ = {isa = PBXFileReference; lastKnownFileType = sourcecode.swift; path = SavedViewController.swift; sourceTree = "<group>"; };
		5BFBEC2A25D19D7900FC2AF3 /* SelectedMode.swift */ = {isa = PBXFileReference; lastKnownFileType = sourcecode.swift; path = SelectedMode.swift; sourceTree = "<group>"; };
		5BFBEC3A25D1AE9C00FC2AF3 /* ImagePickerController.swift */ = {isa = PBXFileReference; lastKnownFileType = sourcecode.swift; path = ImagePickerController.swift; sourceTree = "<group>"; };
		F6325CF625CA9A1300A90CF8 /* photoGrid.app */ = {isa = PBXFileReference; explicitFileType = wrapper.application; includeInIndex = 0; path = photoGrid.app; sourceTree = BUILT_PRODUCTS_DIR; };
		F6325CF925CA9A1300A90CF8 /* AppDelegate.swift */ = {isa = PBXFileReference; lastKnownFileType = sourcecode.swift; path = AppDelegate.swift; sourceTree = "<group>"; };
		F6325CFD25CA9A1300A90CF8 /* HomeViewController.swift */ = {isa = PBXFileReference; lastKnownFileType = sourcecode.swift; path = HomeViewController.swift; sourceTree = "<group>"; };
		F6325D0225CA9A1800A90CF8 /* Assets.xcassets */ = {isa = PBXFileReference; lastKnownFileType = folder.assetcatalog; path = Assets.xcassets; sourceTree = "<group>"; };
		F6325D0525CA9A1800A90CF8 /* Base */ = {isa = PBXFileReference; lastKnownFileType = file.storyboard; name = Base; path = Base.lproj/LaunchScreen.storyboard; sourceTree = "<group>"; };
		F6325D0725CA9A1800A90CF8 /* Info.plist */ = {isa = PBXFileReference; lastKnownFileType = text.plist.xml; path = Info.plist; sourceTree = "<group>"; };
/* End PBXFileReference section */

/* Begin PBXFrameworksBuildPhase section */
		F6325CF325CA9A1300A90CF8 /* Frameworks */ = {
			isa = PBXFrameworksBuildPhase;
			buildActionMask = 2147483647;
			files = (
			);
			runOnlyForDeploymentPostprocessing = 0;
		};
/* End PBXFrameworksBuildPhase section */

/* Begin PBXGroup section */
		5B5F8A9525CAC8C40060D09E /* Supporting Files */ = {
			isa = PBXGroup;
			children = (
				F6325CF925CA9A1300A90CF8 /* AppDelegate.swift */,
				5B5F8A9625CAC9170060D09E /* ThirstySoftRegular.otf */,
				5B5F8A9D25CB0CBE0060D09E /* Delm-Medium.otf */,
				F6325D0425CA9A1800A90CF8 /* LaunchScreen.storyboard */,
				F6325D0225CA9A1800A90CF8 /* Assets.xcassets */,
			);
			path = "Supporting Files";
			sourceTree = "<group>";
		};
		5B5F8AA025CB0D080060D09E /* Controller */ = {
			isa = PBXGroup;
			children = (
				5BFBEC3A25D1AE9C00FC2AF3 /* ImagePickerController.swift */,
				F6325CFD25CA9A1300A90CF8 /* HomeViewController.swift */,
				5B7AB60125D2EF8200377DD1 /* SavedViewController.swift */,
			);
			path = Controller;
			sourceTree = "<group>";
		};
		5B5F8AA125CB0D110060D09E /* Model */ = {
			isa = PBXGroup;
			children = (
				5B5DD83925CC7C6000F162CA /* Manager.swift */,
				5B0D409A25CF41B3003E13D4 /* Alert.swift */,
				5BFBEC2A25D19D7900FC2AF3 /* SelectedMode.swift */,
			);
			path = Model;
			sourceTree = "<group>";
		};
		5B7AB5FA25D2EE7100377DD1 /* Navigation */ = {
			isa = PBXGroup;
			children = (
				5B7AB5F725D2EE6B00377DD1 /* NavigationController.swift */,
				5B7AB5F025D2E6BB00377DD1 /* TabBarController.swift */,
			);
			path = Navigation;
			sourceTree = "<group>";
		};
		5BFBEC2425D185CA00FC2AF3 /* App */ = {
			isa = PBXGroup;
			children = (
				5B7AB5FA25D2EE7100377DD1 /* Navigation */,
				5B5DD83525CC7A5700F162CA /* Constants.swift */,
				5B5F8AA125CB0D110060D09E /* Model */,
				5BFBEC2525D185DF00FC2AF3 /* View */,
				5B5F8AA025CB0D080060D09E /* Controller */,
			);
			path = App;
			sourceTree = "<group>";
		};
		5BFBEC2525D185DF00FC2AF3 /* View */ = {
			isa = PBXGroup;
			children = (
				5B27C4E725D0919F00BAA4E9 /* Implements.swift */,
				5B0D40A325CF434B003E13D4 /* Outlets.swift */,
				5B0D40A025CF4247003E13D4 /* Constraints.swift */,
				5B0D409D25CF4201003E13D4 /* Animation.swift */,
			);
			path = View;
			sourceTree = "<group>";
		};
		F6325CED25CA9A1300A90CF8 = {
			isa = PBXGroup;
			children = (
				F6325CF825CA9A1300A90CF8 /* photoGrid */,
				F6325CF725CA9A1300A90CF8 /* Products */,
			);
			sourceTree = "<group>";
		};
		F6325CF725CA9A1300A90CF8 /* Products */ = {
			isa = PBXGroup;
			children = (
				F6325CF625CA9A1300A90CF8 /* photoGrid.app */,
			);
			name = Products;
			sourceTree = "<group>";
		};
		F6325CF825CA9A1300A90CF8 /* photoGrid */ = {
			isa = PBXGroup;
			children = (
				5B5F8A9525CAC8C40060D09E /* Supporting Files */,
				5BFBEC2425D185CA00FC2AF3 /* App */,
				F6325D0725CA9A1800A90CF8 /* Info.plist */,
			);
			path = photoGrid;
			sourceTree = "<group>";
		};
/* End PBXGroup section */

/* Begin PBXNativeTarget section */
		F6325CF525CA9A1300A90CF8 /* photoGrid */ = {
			isa = PBXNativeTarget;
			buildConfigurationList = F6325D0A25CA9A1800A90CF8 /* Build configuration list for PBXNativeTarget "photoGrid" */;
			buildPhases = (
				F6325CF225CA9A1300A90CF8 /* Sources */,
				F6325CF325CA9A1300A90CF8 /* Frameworks */,
				F6325CF425CA9A1300A90CF8 /* Resources */,
			);
			buildRules = (
			);
			dependencies = (
			);
			name = photoGrid;
			productName = photoGrid;
			productReference = F6325CF625CA9A1300A90CF8 /* photoGrid.app */;
			productType = "com.apple.product-type.application";
		};
/* End PBXNativeTarget section */

/* Begin PBXProject section */
		F6325CEE25CA9A1300A90CF8 /* Project object */ = {
			isa = PBXProject;
			attributes = {
				LastSwiftUpdateCheck = 1130;
				LastUpgradeCheck = 1230;
				ORGANIZATIONNAME = "Lauriane Haydari";
				TargetAttributes = {
					F6325CF525CA9A1300A90CF8 = {
						CreatedOnToolsVersion = 11.3.1;
					};
				};
			};
			buildConfigurationList = F6325CF125CA9A1300A90CF8 /* Build configuration list for PBXProject "photoGrid" */;
			compatibilityVersion = "Xcode 9.3";
			developmentRegion = en;
			hasScannedForEncodings = 0;
			knownRegions = (
				en,
				Base,
			);
			mainGroup = F6325CED25CA9A1300A90CF8;
			productRefGroup = F6325CF725CA9A1300A90CF8 /* Products */;
			projectDirPath = "";
			projectRoot = "";
			targets = (
				F6325CF525CA9A1300A90CF8 /* photoGrid */,
			);
		};
/* End PBXProject section */

/* Begin PBXResourcesBuildPhase section */
		F6325CF425CA9A1300A90CF8 /* Resources */ = {
			isa = PBXResourcesBuildPhase;
			buildActionMask = 2147483647;
			files = (
				5B5F8A9725CAC9240060D09E /* ThirstySoftRegular.otf in Resources */,
				F6325D0625CA9A1800A90CF8 /* LaunchScreen.storyboard in Resources */,
				5B5F8A9E25CB0CBE0060D09E /* Delm-Medium.otf in Resources */,
				F6325D0325CA9A1800A90CF8 /* Assets.xcassets in Resources */,
			);
			runOnlyForDeploymentPostprocessing = 0;
		};
/* End PBXResourcesBuildPhase section */

/* Begin PBXSourcesBuildPhase section */
		F6325CF225CA9A1300A90CF8 /* Sources */ = {
			isa = PBXSourcesBuildPhase;
			buildActionMask = 2147483647;
			files = (
				5B0D40A425CF434B003E13D4 /* Outlets.swift in Sources */,
				F6325CFE25CA9A1300A90CF8 /* HomeViewController.swift in Sources */,
				5B7AB60225D2EF8200377DD1 /* SavedViewController.swift in Sources */,
				5B27C4E825D0919F00BAA4E9 /* Implements.swift in Sources */,
				5B0D40A125CF4247003E13D4 /* Constraints.swift in Sources */,
				F6325CFA25CA9A1300A90CF8 /* AppDelegate.swift in Sources */,
				5B7AB5F825D2EE6B00377DD1 /* NavigationController.swift in Sources */,
				5B5DD83625CC7A5700F162CA /* Constants.swift in Sources */,
				5B7AB5F125D2E6BB00377DD1 /* TabBarController.swift in Sources */,
				5BFBEC3B25D1AE9C00FC2AF3 /* ImagePickerController.swift in Sources */,
				5BFBEC2B25D19D7900FC2AF3 /* SelectedMode.swift in Sources */,
				5B0D409B25CF41B3003E13D4 /* Alert.swift in Sources */,
				5B0D409E25CF4201003E13D4 /* Animation.swift in Sources */,
				5B5DD83A25CC7C6000F162CA /* Manager.swift in Sources */,
			);
			runOnlyForDeploymentPostprocessing = 0;
		};
/* End PBXSourcesBuildPhase section */

/* Begin PBXVariantGroup section */
		F6325D0425CA9A1800A90CF8 /* LaunchScreen.storyboard */ = {
			isa = PBXVariantGroup;
			children = (
				F6325D0525CA9A1800A90CF8 /* Base */,
			);
			name = LaunchScreen.storyboard;
			sourceTree = "<group>";
		};
/* End PBXVariantGroup section */

/* Begin XCBuildConfiguration section */
		F6325D0825CA9A1800A90CF8 /* Debug */ = {
			isa = XCBuildConfiguration;
			buildSettings = {
				ALWAYS_SEARCH_USER_PATHS = NO;
				CLANG_ANALYZER_NONNULL = YES;
				CLANG_ANALYZER_NUMBER_OBJECT_CONVERSION = YES_AGGRESSIVE;
				CLANG_CXX_LANGUAGE_STANDARD = "gnu++14";
				CLANG_CXX_LIBRARY = "libc++";
				CLANG_ENABLE_MODULES = YES;
				CLANG_ENABLE_OBJC_ARC = YES;
				CLANG_ENABLE_OBJC_WEAK = YES;
				CLANG_WARN_BLOCK_CAPTURE_AUTORELEASING = YES;
				CLANG_WARN_BOOL_CONVERSION = YES;
				CLANG_WARN_COMMA = YES;
				CLANG_WARN_CONSTANT_CONVERSION = YES;
				CLANG_WARN_DEPRECATED_OBJC_IMPLEMENTATIONS = YES;
				CLANG_WARN_DIRECT_OBJC_ISA_USAGE = YES_ERROR;
				CLANG_WARN_DOCUMENTATION_COMMENTS = YES;
				CLANG_WARN_EMPTY_BODY = YES;
				CLANG_WARN_ENUM_CONVERSION = YES;
				CLANG_WARN_INFINITE_RECURSION = YES;
				CLANG_WARN_INT_CONVERSION = YES;
				CLANG_WARN_NON_LITERAL_NULL_CONVERSION = YES;
				CLANG_WARN_OBJC_IMPLICIT_RETAIN_SELF = YES;
				CLANG_WARN_OBJC_LITERAL_CONVERSION = YES;
				CLANG_WARN_OBJC_ROOT_CLASS = YES_ERROR;
				CLANG_WARN_QUOTED_INCLUDE_IN_FRAMEWORK_HEADER = YES;
				CLANG_WARN_RANGE_LOOP_ANALYSIS = YES;
				CLANG_WARN_STRICT_PROTOTYPES = YES;
				CLANG_WARN_SUSPICIOUS_MOVE = YES;
				CLANG_WARN_UNGUARDED_AVAILABILITY = YES_AGGRESSIVE;
				CLANG_WARN_UNREACHABLE_CODE = YES;
				CLANG_WARN__DUPLICATE_METHOD_MATCH = YES;
				COPY_PHASE_STRIP = NO;
				DEBUG_INFORMATION_FORMAT = dwarf;
				ENABLE_STRICT_OBJC_MSGSEND = YES;
				ENABLE_TESTABILITY = YES;
				GCC_C_LANGUAGE_STANDARD = gnu11;
				GCC_DYNAMIC_NO_PIC = NO;
				GCC_NO_COMMON_BLOCKS = YES;
				GCC_OPTIMIZATION_LEVEL = 0;
				GCC_PREPROCESSOR_DEFINITIONS = (
					"DEBUG=1",
					"$(inherited)",
				);
				GCC_WARN_64_TO_32_BIT_CONVERSION = YES;
				GCC_WARN_ABOUT_RETURN_TYPE = YES_ERROR;
				GCC_WARN_UNDECLARED_SELECTOR = YES;
				GCC_WARN_UNINITIALIZED_AUTOS = YES_AGGRESSIVE;
				GCC_WARN_UNUSED_FUNCTION = YES;
				GCC_WARN_UNUSED_VARIABLE = YES;
				IPHONEOS_DEPLOYMENT_TARGET = 13.2;
				MTL_ENABLE_DEBUG_INFO = INCLUDE_SOURCE;
				MTL_FAST_MATH = YES;
				ONLY_ACTIVE_ARCH = YES;
				SDKROOT = iphoneos;
				SWIFT_ACTIVE_COMPILATION_CONDITIONS = DEBUG;
				SWIFT_OPTIMIZATION_LEVEL = "-Onone";
			};
			name = Debug;
		};
		F6325D0925CA9A1800A90CF8 /* Release */ = {
			isa = XCBuildConfiguration;
			buildSettings = {
				ALWAYS_SEARCH_USER_PATHS = NO;
				CLANG_ANALYZER_NONNULL = YES;
				CLANG_ANALYZER_NUMBER_OBJECT_CONVERSION = YES_AGGRESSIVE;
				CLANG_CXX_LANGUAGE_STANDARD = "gnu++14";
				CLANG_CXX_LIBRARY = "libc++";
				CLANG_ENABLE_MODULES = YES;
				CLANG_ENABLE_OBJC_ARC = YES;
				CLANG_ENABLE_OBJC_WEAK = YES;
				CLANG_WARN_BLOCK_CAPTURE_AUTORELEASING = YES;
				CLANG_WARN_BOOL_CONVERSION = YES;
				CLANG_WARN_COMMA = YES;
				CLANG_WARN_CONSTANT_CONVERSION = YES;
				CLANG_WARN_DEPRECATED_OBJC_IMPLEMENTATIONS = YES;
				CLANG_WARN_DIRECT_OBJC_ISA_USAGE = YES_ERROR;
				CLANG_WARN_DOCUMENTATION_COMMENTS = YES;
				CLANG_WARN_EMPTY_BODY = YES;
				CLANG_WARN_ENUM_CONVERSION = YES;
				CLANG_WARN_INFINITE_RECURSION = YES;
				CLANG_WARN_INT_CONVERSION = YES;
				CLANG_WARN_NON_LITERAL_NULL_CONVERSION = YES;
				CLANG_WARN_OBJC_IMPLICIT_RETAIN_SELF = YES;
				CLANG_WARN_OBJC_LITERAL_CONVERSION = YES;
				CLANG_WARN_OBJC_ROOT_CLASS = YES_ERROR;
				CLANG_WARN_QUOTED_INCLUDE_IN_FRAMEWORK_HEADER = YES;
				CLANG_WARN_RANGE_LOOP_ANALYSIS = YES;
				CLANG_WARN_STRICT_PROTOTYPES = YES;
				CLANG_WARN_SUSPICIOUS_MOVE = YES;
				CLANG_WARN_UNGUARDED_AVAILABILITY = YES_AGGRESSIVE;
				CLANG_WARN_UNREACHABLE_CODE = YES;
				CLANG_WARN__DUPLICATE_METHOD_MATCH = YES;
				COPY_PHASE_STRIP = NO;
				DEBUG_INFORMATION_FORMAT = "dwarf-with-dsym";
				ENABLE_NS_ASSERTIONS = NO;
				ENABLE_STRICT_OBJC_MSGSEND = YES;
				GCC_C_LANGUAGE_STANDARD = gnu11;
				GCC_NO_COMMON_BLOCKS = YES;
				GCC_WARN_64_TO_32_BIT_CONVERSION = YES;
				GCC_WARN_ABOUT_RETURN_TYPE = YES_ERROR;
				GCC_WARN_UNDECLARED_SELECTOR = YES;
				GCC_WARN_UNINITIALIZED_AUTOS = YES_AGGRESSIVE;
				GCC_WARN_UNUSED_FUNCTION = YES;
				GCC_WARN_UNUSED_VARIABLE = YES;
				IPHONEOS_DEPLOYMENT_TARGET = 13.2;
				MTL_ENABLE_DEBUG_INFO = NO;
				MTL_FAST_MATH = YES;
				SDKROOT = iphoneos;
				SWIFT_COMPILATION_MODE = wholemodule;
				SWIFT_OPTIMIZATION_LEVEL = "-O";
				VALIDATE_PRODUCT = YES;
			};
			name = Release;
		};
		F6325D0B25CA9A1800A90CF8 /* Debug */ = {
			isa = XCBuildConfiguration;
			buildSettings = {
				ASSETCATALOG_COMPILER_APPICON_NAME = AppIcon;
				CODE_SIGN_STYLE = Automatic;
				DEVELOPMENT_TEAM = 568UZNMWK9;
				INFOPLIST_FILE = photoGrid/Info.plist;
				LD_RUNPATH_SEARCH_PATHS = (
					"$(inherited)",
					"@executable_path/Frameworks",
				);
				PRODUCT_BUNDLE_IDENTIFIER = com.lauriane.haydari.photoGrid;
				PRODUCT_NAME = "$(TARGET_NAME)";
				SWIFT_VERSION = 5.0;
				TARGETED_DEVICE_FAMILY = 1;
			};
			name = Debug;
		};
		F6325D0C25CA9A1800A90CF8 /* Release */ = {
			isa = XCBuildConfiguration;
			buildSettings = {
				ASSETCATALOG_COMPILER_APPICON_NAME = AppIcon;
				CODE_SIGN_STYLE = Automatic;
				DEVELOPMENT_TEAM = 568UZNMWK9;
				INFOPLIST_FILE = photoGrid/Info.plist;
				LD_RUNPATH_SEARCH_PATHS = (
					"$(inherited)",
					"@executable_path/Frameworks",
				);
				PRODUCT_BUNDLE_IDENTIFIER = com.lauriane.haydari.photoGrid;
				PRODUCT_NAME = "$(TARGET_NAME)";
				SWIFT_VERSION = 5.0;
				TARGETED_DEVICE_FAMILY = 1;
			};
			name = Release;
		};
/* End XCBuildConfiguration section */

/* Begin XCConfigurationList section */
		F6325CF125CA9A1300A90CF8 /* Build configuration list for PBXProject "photoGrid" */ = {
			isa = XCConfigurationList;
			buildConfigurations = (
				F6325D0825CA9A1800A90CF8 /* Debug */,
				F6325D0925CA9A1800A90CF8 /* Release */,
			);
			defaultConfigurationIsVisible = 0;
			defaultConfigurationName = Release;
		};
		F6325D0A25CA9A1800A90CF8 /* Build configuration list for PBXNativeTarget "photoGrid" */ = {
			isa = XCConfigurationList;
			buildConfigurations = (
				F6325D0B25CA9A1800A90CF8 /* Debug */,
				F6325D0C25CA9A1800A90CF8 /* Release */,
			);
			defaultConfigurationIsVisible = 0;
			defaultConfigurationName = Release;
		};
/* End XCConfigurationList section */
	};
	rootObject = F6325CEE25CA9A1300A90CF8 /* Project object */;
}
